Microsoft Visual Studio Solution File, Format Version 11.00
# Visual Studio 2008

Project("{EA10634F-1E59-BCDB-C1A1-3D6D34DAE1DE}") = "Proyecto levinson", "Assembly-CSharp.csproj", "{144F72F9-18CC-7BFA-4C63-28DB1ABC5A48}"
EndProject
Global
	GlobalSection(SolutionConfigurationPlatforms) = preSolution
		Debug|Any CPU = Debug|Any CPU
		Release|Any CPU = Release|Any CPU
	EndGlobalSection
	GlobalSection(ProjectConfigurationPlatforms) = postSolution
		{144F72F9-18CC-7BFA-4C63-28DB1ABC5A48}.Debug|Any CPU.ActiveCfg = Debug|Any CPU
		{144F72F9-18CC-7BFA-4C63-28DB1ABC5A48}.Debug|Any CPU.Build.0 = Debug|Any CPU
		{144F72F9-18CC-7BFA-4C63-28DB1ABC5A48}.Release|Any CPU.ActiveCfg = Release|Any CPU
		{144F72F9-18CC-7BFA-4C63-28DB1ABC5A48}.Release|Any CPU.Build.0 = Release|Any CPU
	EndGlobalSection
	GlobalSection(SolutionProperties) = preSolution
		HideSolutionNode = FALSE
	EndGlobalSection
	GlobalSection(MonoDevelopProperties) = preSolution
		StartupItem = Assembly-CSharp.csproj
	EndGlobalSection
EndGlobal
